
Microsoft Visual Studio Solution File, Format Version 12.00
# Visual Studio 14
VisualStudioVersion = 14.0.24720.0
MinimumVisualStudioVersion = 10.0.40219.1
Project("{FAE04EC0-301F-11D3-BF4B-00C04F79EFBC}") = "ShowcaseWP", "ShowcaseWP\ShowcaseWP.csproj", "{BBA80E28-7316-4BE8-8BBE-453F570FA37D}"
EndProject
Project("{2150E333-8FDC-42A3-9474-1A3956D46DE8}") = "ShowcaseWP", "ShowcaseWP", "{4C961EAB-E957-47E0-A28D-2BFC4DC0AD6E}"
EndProject
Global
	GlobalSection(SolutionConfigurationPlatforms) = preSolution
		Debug|Any CPU = Debug|Any CPU
		Debug|ARM = Debug|ARM
		Debug|x64 = Debug|x64
		Debug|x86 = Debug|x86
		Release|Any CPU = Release|Any CPU
		Release|ARM = Release|ARM
		Release|x64 = Release|x64
		Release|x86 = Release|x86
	EndGlobalSection
	GlobalSection(ProjectConfigurationPlatforms) = postSolution
		{BBA80E28-7316-4BE8-8BBE-453F570FA37D}.Debug|Any CPU.ActiveCfg = Debug|Any CPU
		{BBA80E28-7316-4BE8-8BBE-453F570FA37D}.Debug|Any CPU.Build.0 = Debug|Any CPU
		{BBA80E28-7316-4BE8-8BBE-453F570FA37D}.Debug|Any CPU.Deploy.0 = Debug|Any CPU
		{BBA80E28-7316-4BE8-8BBE-453F570FA37D}.Debug|ARM.ActiveCfg = Debug|ARM
		{BBA80E28-7316-4BE8-8BBE-453F570FA37D}.Debug|ARM.Build.0 = Debug|ARM
		{BBA80E28-7316-4BE8-8BBE-453F570FA37D}.Debug|ARM.Deploy.0 = Debug|ARM
		{BBA80E28-7316-4BE8-8BBE-453F570FA37D}.Debug|x64.ActiveCfg = Debug|Any CPU
		{BBA80E28-7316-4BE8-8BBE-453F570FA37D}.Debug|x64.Build.0 = Debug|Any CPU
		{BBA80E28-7316-4BE8-8BBE-453F570FA37D}.Debug|x64.Deploy.0 = Debug|Any CPU
		{BBA80E28-7316-4BE8-8BBE-453F570FA37D}.Debug|x86.ActiveCfg = Debug|x86
		{BBA80E28-7316-4BE8-8BBE-453F570FA37D}.Debug|x86.Build.0 = Debug|x86
		{BBA80E28-7316-4BE8-8BBE-453F570FA37D}.Debug|x86.Deploy.0 = Debug|x86
		{BBA80E28-7316-4BE8-8BBE-453F570FA37D}.Release|Any CPU.ActiveCfg = Release|Any CPU
		{BBA80E28-7316-4BE8-8BBE-453F570FA37D}.Release|Any CPU.Build.0 = Release|Any CPU
		{BBA80E28-7316-4BE8-8BBE-453F570FA37D}.Release|Any CPU.Deploy.0 = Release|Any CPU
		{BBA80E28-7316-4BE8-8BBE-453F570FA37D}.Release|ARM.ActiveCfg = Release|ARM
		{BBA80E28-7316-4BE8-8BBE-453F570FA37D}.Release|ARM.Build.0 = Release|ARM
		{BBA80E28-7316-4BE8-8BBE-453F570FA37D}.Release|ARM.Deploy.0 = Release|ARM
		{BBA80E28-7316-4BE8-8BBE-453F570FA37D}.Release|x64.ActiveCfg = Release|Any CPU
		{BBA80E28-7316-4BE8-8BBE-453F570FA37D}.Release|x64.Build.0 = Release|Any CPU
		{BBA80E28-7316-4BE8-8BBE-453F570FA37D}.Release|x64.Deploy.0 = Release|Any CPU
		{BBA80E28-7316-4BE8-8BBE-453F570FA37D}.Release|x86.ActiveCfg = Release|x86
		{BBA80E28-7316-4BE8-8BBE-453F570FA37D}.Release|x86.Build.0 = Release|x86
		{BBA80E28-7316-4BE8-8BBE-453F570FA37D}.Release|x86.Deploy.0 = Release|x86
	EndGlobalSection
	GlobalSection(SolutionProperties) = preSolution
		HideSolutionNode = FALSE
	EndGlobalSection
	GlobalSection(NestedProjects) = preSolution
		{BBA80E28-7316-4BE8-8BBE-453F570FA37D} = {4C961EAB-E957-47E0-A28D-2BFC4DC0AD6E}
	EndGlobalSection
EndGlobal
